
Microsoft Visual Studio Solution File, Format Version 12.00
# Visual Studio Version 17
VisualStudioVersion = 17.5.33414.496
MinimumVisualStudioVersion = 10.0.40219.1
Project("{FAE04EC0-301F-11D3-BF4B-00C04F79EFBC}") = "Homework5.3", "Homework5.3\Homework5.3.csproj", "{AFF110DC-7B2E-4913-A450-B54AA7025AF6}"
EndProject
Global
	GlobalSection(SolutionConfigurationPlatforms) = preSolution
		Debug|Any CPU = Debug|Any CPU
		Release|Any CPU = Release|Any CPU
	EndGlobalSection
	GlobalSection(ProjectConfigurationPlatforms) = postSolution
		{AFF110DC-7B2E-4913-A450-B54AA7025AF6}.Debug|Any CPU.ActiveCfg = Debug|Any CPU
		{AFF110DC-7B2E-4913-A450-B54AA7025AF6}.Debug|Any CPU.Build.0 = Debug|Any CPU
		{AFF110DC-7B2E-4913-A450-B54AA7025AF6}.Release|Any CPU.ActiveCfg = Release|Any CPU
		{AFF110DC-7B2E-4913-A450-B54AA7025AF6}.Release|Any CPU.Build.0 = Release|Any CPU
	EndGlobalSection
	GlobalSection(SolutionProperties) = preSolution
		HideSolutionNode = FALSE
	EndGlobalSection
	GlobalSection(ExtensibilityGlobals) = postSolution
		SolutionGuid = {BB4C15B6-2407-4740-84CD-BBC47BDDCC99}
	EndGlobalSection
EndGlobal
